<?xml version="1.0" encoding="utf-8"?>
<Project ToolsVersion="4.0" xmlns="http://schemas.microsoft.com/developer/msbuild/2003">
  <ItemGroup>
    <Filter Include="Debug">
      <UniqueIdentifier>{08e16224-4202-4df8-afc7-3d5503748da3}</UniqueIdentifier>
    </Filter>
    <Filter Include="IO">
      <UniqueIdentifier>{1d3bcec7-da35-4e39-9955-c5f4ad7423cf}</UniqueIdentifier>
    </Filter>
    <Filter Include="Math">
      <UniqueIdentifier>{cbea4226-81ac-4688-97a7-914ef9eddb7e}</UniqueIdentifier>
    </Filter>
    <Filter Include="Object">
      <UniqueIdentifier>{4a78e37e-96e0-497c-bc63-474a812eadff}</UniqueIdentifier>
    </Filter>
    <Filter Include="String">
      <UniqueIdentifier>{0f1998d0-10fe-47d3-9502-898689e4552b}</UniqueIdentifier>
    </Filter>
    <Filter Include="WindowsOS">
      <UniqueIdentifier>{ef8e1f4e-d968-4de9-bf6f-43d04e5fd67c}</UniqueIdentifier>
    </Filter>
    <Filter Include="ThirdParty">
      <UniqueIdentifier>{2159320d-9ef3-422a-9f30-be244708fd87}</UniqueIdentifier>
    </Filter>
    <Filter Include="ThirdParty\Sound">
      <UniqueIdentifier>{567cea0b-1a44-4052-aacf-29903b8e7a98}</UniqueIdentifier>
    </Filter>
    <Filter Include="ThirdParty\Lib">
      <UniqueIdentifier>{7fabb68b-2258-491f-9a02-904f733b84e2}</UniqueIdentifier>
    </Filter>
  </ItemGroup>
  <ItemGroup>
    <ClCompile Include="GameEngineDebug.cpp">
      <Filter>Debug</Filter>
    </ClCompile>
    <ClCompile Include="GameEngineString.cpp">
      <Filter>String</Filter>
    </ClCompile>
    <ClCompile Include="GameEngineDirectory.cpp">
      <Filter>IO</Filter>
    </ClCompile>
    <ClCompile Include="GameEngineFile.cpp">
      <Filter>IO</Filter>
    </ClCompile>
    <ClCompile Include="GameEnginePath.cpp">
      <Filter>IO</Filter>
    </ClCompile>
    <ClCompile Include="GameEngineReadFile.cpp">
      <Filter>IO</Filter>
    </ClCompile>
    <ClCompile Include="GameEngineWriteFile.cpp">
      <Filter>IO</Filter>
    </ClCompile>
    <ClCompile Include="GameEngineRandom.cpp">
      <Filter>Math</Filter>
    </ClCompile>
    <ClCompile Include="GameEngineTime.cpp">
      <Filter>Math</Filter>
    </ClCompile>
    <ClCompile Include="GameEngineMath.cpp">
      <Filter>Math</Filter>
    </ClCompile>
    <ClCompile Include="GameEngineNameObject.cpp">
      <Filter>Object</Filter>
    </ClCompile>
    <ClCompile Include="GameEngineUpdateObject.cpp">
      <Filter>Object</Filter>
    </ClCompile>
    <ClCompile Include="GameEngineSound.cpp">
      <Filter>ThirdParty\Sound</Filter>
    </ClCompile>
    <ClCompile Include="GameEngineInput.cpp">
      <Filter>WindowsOS</Filter>
    </ClCompile>
    <ClCompile Include="GameEngineWindow.cpp">
      <Filter>WindowsOS</Filter>
    </ClCompile>
    <ClCompile Include="GameEngineTransform.cpp">
      <Filter>Math</Filter>
    </ClCompile>
  </ItemGroup>
  <ItemGroup>
    <ClInclude Include="GameEngineDebug.h">
      <Filter>Debug</Filter>
    </ClInclude>
    <ClInclude Include="GameEngineString.h">
      <Filter>String</Filter>
    </ClInclude>
    <ClInclude Include="GameEngineDirectory.h">
      <Filter>IO</Filter>
    </ClInclude>
    <ClInclude Include="GameEngineFile.h">
      <Filter>IO</Filter>
    </ClInclude>
    <ClInclude Include="GameEnginePath.h">
      <Filter>IO</Filter>
    </ClInclude>
    <ClInclude Include="GameEngineReadFile.h">
      <Filter>IO</Filter>
    </ClInclude>
    <ClInclude Include="GameEngineWriteFile.h">
      <Filter>IO</Filter>
    </ClInclude>
    <ClInclude Include="GameEngineRandom.h">
      <Filter>Math</Filter>
    </ClInclude>
    <ClInclude Include="GameEngineTime.h">
      <Filter>Math</Filter>
    </ClInclude>
    <ClInclude Include="GameEngineMath.h">
      <Filter>Math</Filter>
    </ClInclude>
    <ClInclude Include="GameEngineUpdateObject.h">
      <Filter>Object</Filter>
    </ClInclude>
    <ClInclude Include="GameEngineNameObject.h">
      <Filter>Object</Filter>
    </ClInclude>
    <ClInclude Include="GameEngineSound.h">
      <Filter>ThirdParty\Sound</Filter>
    </ClInclude>
    <ClInclude Include="GameEngineWindow.h">
      <Filter>WindowsOS</Filter>
    </ClInclude>
    <ClInclude Include="GameEngineInput.h">
      <Filter>WindowsOS</Filter>
    </ClInclude>
    <ClInclude Include="GameEngineTransform.h">
      <Filter>Math</Filter>
    </ClInclude>
  </ItemGroup>
  <ItemGroup>
    <CopyFileToFolders Include="ThirdParty\bin\fmod.dll">
      <Filter>ThirdParty\Lib</Filter>
    </CopyFileToFolders>
    <CopyFileToFolders Include="ThirdParty\bin\fmod_vc.lib">
      <Filter>ThirdParty\Lib</Filter>
    </CopyFileToFolders>
    <CopyFileToFolders Include="ThirdParty\bin\fmodL.dll">
      <Filter>ThirdParty\Lib</Filter>
    </CopyFileToFolders>
    <CopyFileToFolders Include="ThirdParty\bin\fmodL_vc.lib">
      <Filter>ThirdParty\Lib</Filter>
    </CopyFileToFolders>
  </ItemGroup>
</Project>