
Microsoft Visual Studio Solution File, Format Version 12.00
# Visual Studio Version 17
VisualStudioVersion = 17.1.32210.238
MinimumVisualStudioVersion = 10.0.40219.1
Project("{8BC9CEB8-8B4A-11D0-8D11-00A0C91BC942}") = "GameEngineBase", "GameEngineBase\GameEngineBase.vcxproj", "{86E537C4-393C-4C6B-9696-E1D115A18F33}"
EndProject
Project("{2150E333-8FDC-42A3-9474-1A3956D46DE8}") = "Level0", "Level0", "{B9FB5B7F-6B96-4B87-BEDC-367E963F738B}"
EndProject
Project("{2150E333-8FDC-42A3-9474-1A3956D46DE8}") = "Level1", "Level1", "{BA16B472-FF7B-4B91-99E2-509EDDA36C2E}"
EndProject
Project("{2150E333-8FDC-42A3-9474-1A3956D46DE8}") = "Level2", "Level2", "{2126F9CA-47E7-4047-86EB-75C84C797687}"
EndProject
Project("{2150E333-8FDC-42A3-9474-1A3956D46DE8}") = "Level3", "Level3", "{835FC149-7F5E-43AC-8532-EA7AF2945175}"
EndProject
Project("{2150E333-8FDC-42A3-9474-1A3956D46DE8}") = "Level4", "Level4", "{B17C2995-3359-4A99-8010-8E0AB770BD3F}"
EndProject
Project("{2150E333-8FDC-42A3-9474-1A3956D46DE8}") = "Level5", "Level5", "{3F196C37-AB12-4A7A-9940-9D53662019E4}"
EndProject
Project("{8BC9CEB8-8B4A-11D0-8D11-00A0C91BC942}") = "GameEngineApp", "GameEngineApp\GameEngineApp.vcxproj", "{00365D1D-CDC9-4B1A-A894-CB07772FBC95}"
	ProjectSection(ProjectDependencies) = postProject
		{3D431D9E-D33C-48C0-86A6-F0160CFF9964} = {3D431D9E-D33C-48C0-86A6-F0160CFF9964}
		{D9D480A6-752C-4DAC-A8E6-B1D35FA9D96B} = {D9D480A6-752C-4DAC-A8E6-B1D35FA9D96B}
		{86E537C4-393C-4C6B-9696-E1D115A18F33} = {86E537C4-393C-4C6B-9696-E1D115A18F33}
	EndProjectSection
EndProject
Project("{8BC9CEB8-8B4A-11D0-8D11-00A0C91BC942}") = "GameEngineCore", "GameEngineCore\GameEngineCore.vcxproj", "{3D431D9E-D33C-48C0-86A6-F0160CFF9964}"
	ProjectSection(ProjectDependencies) = postProject
		{86E537C4-393C-4C6B-9696-E1D115A18F33} = {86E537C4-393C-4C6B-9696-E1D115A18F33}
	EndProjectSection
EndProject
Project("{8BC9CEB8-8B4A-11D0-8D11-00A0C91BC942}") = "GameEngineContents", "GameEngineContents\GameEngineContents.vcxproj", "{D9D480A6-752C-4DAC-A8E6-B1D35FA9D96B}"
	ProjectSection(ProjectDependencies) = postProject
		{3D431D9E-D33C-48C0-86A6-F0160CFF9964} = {3D431D9E-D33C-48C0-86A6-F0160CFF9964}
		{86E537C4-393C-4C6B-9696-E1D115A18F33} = {86E537C4-393C-4C6B-9696-E1D115A18F33}
	EndProjectSection
EndProject
Global
	GlobalSection(SolutionConfigurationPlatforms) = preSolution
		Debug|x64 = Debug|x64
		Debug|x86 = Debug|x86
		Release|x64 = Release|x64
		Release|x86 = Release|x86
	EndGlobalSection
	GlobalSection(ProjectConfigurationPlatforms) = postSolution
		{86E537C4-393C-4C6B-9696-E1D115A18F33}.Debug|x64.ActiveCfg = Debug|x64
		{86E537C4-393C-4C6B-9696-E1D115A18F33}.Debug|x64.Build.0 = Debug|x64
		{86E537C4-393C-4C6B-9696-E1D115A18F33}.Debug|x86.ActiveCfg = Debug|Win32
		{86E537C4-393C-4C6B-9696-E1D115A18F33}.Debug|x86.Build.0 = Debug|Win32
		{86E537C4-393C-4C6B-9696-E1D115A18F33}.Release|x64.ActiveCfg = Release|x64
		{86E537C4-393C-4C6B-9696-E1D115A18F33}.Release|x64.Build.0 = Release|x64
		{86E537C4-393C-4C6B-9696-E1D115A18F33}.Release|x86.ActiveCfg = Release|Win32
		{86E537C4-393C-4C6B-9696-E1D115A18F33}.Release|x86.Build.0 = Release|Win32
		{00365D1D-CDC9-4B1A-A894-CB07772FBC95}.Debug|x64.ActiveCfg = Debug|x64
		{00365D1D-CDC9-4B1A-A894-CB07772FBC95}.Debug|x64.Build.0 = Debug|x64
		{00365D1D-CDC9-4B1A-A894-CB07772FBC95}.Debug|x86.ActiveCfg = Debug|Win32
		{00365D1D-CDC9-4B1A-A894-CB07772FBC95}.Debug|x86.Build.0 = Debug|Win32
		{00365D1D-CDC9-4B1A-A894-CB07772FBC95}.Release|x64.ActiveCfg = Release|x64
		{00365D1D-CDC9-4B1A-A894-CB07772FBC95}.Release|x64.Build.0 = Release|x64
		{00365D1D-CDC9-4B1A-A894-CB07772FBC95}.Release|x86.ActiveCfg = Release|Win32
		{00365D1D-CDC9-4B1A-A894-CB07772FBC95}.Release|x86.Build.0 = Release|Win32
		{3D431D9E-D33C-48C0-86A6-F0160CFF9964}.Debug|x64.ActiveCfg = Debug|x64
		{3D431D9E-D33C-48C0-86A6-F0160CFF9964}.Debug|x64.Build.0 = Debug|x64
		{3D431D9E-D33C-48C0-86A6-F0160CFF9964}.Debug|x86.ActiveCfg = Debug|Win32
		{3D431D9E-D33C-48C0-86A6-F0160CFF9964}.Debug|x86.Build.0 = Debug|Win32
		{3D431D9E-D33C-48C0-86A6-F0160CFF9964}.Release|x64.ActiveCfg = Release|x64
		{3D431D9E-D33C-48C0-86A6-F0160CFF9964}.Release|x64.Build.0 = Release|x64
		{3D431D9E-D33C-48C0-86A6-F0160CFF9964}.Release|x86.ActiveCfg = Release|Win32
		{3D431D9E-D33C-48C0-86A6-F0160CFF9964}.Release|x86.Build.0 = Release|Win32
		{D9D480A6-752C-4DAC-A8E6-B1D35FA9D96B}.Debug|x64.ActiveCfg = Debug|x64
		{D9D480A6-752C-4DAC-A8E6-B1D35FA9D96B}.Debug|x64.Build.0 = Debug|x64
		{D9D480A6-752C-4DAC-A8E6-B1D35FA9D96B}.Debug|x86.ActiveCfg = Debug|Win32
		{D9D480A6-752C-4DAC-A8E6-B1D35FA9D96B}.Debug|x86.Build.0 = Debug|Win32
		{D9D480A6-752C-4DAC-A8E6-B1D35FA9D96B}.Release|x64.ActiveCfg = Release|x64
		{D9D480A6-752C-4DAC-A8E6-B1D35FA9D96B}.Release|x64.Build.0 = Release|x64
		{D9D480A6-752C-4DAC-A8E6-B1D35FA9D96B}.Release|x86.ActiveCfg = Release|Win32
		{D9D480A6-752C-4DAC-A8E6-B1D35FA9D96B}.Release|x86.Build.0 = Release|Win32
	EndGlobalSection
	GlobalSection(SolutionProperties) = preSolution
		HideSolutionNode = FALSE
	EndGlobalSection
	GlobalSection(NestedProjects) = preSolution
		{86E537C4-393C-4C6B-9696-E1D115A18F33} = {B9FB5B7F-6B96-4B87-BEDC-367E963F738B}
		{00365D1D-CDC9-4B1A-A894-CB07772FBC95} = {3F196C37-AB12-4A7A-9940-9D53662019E4}
		{3D431D9E-D33C-48C0-86A6-F0160CFF9964} = {BA16B472-FF7B-4B91-99E2-509EDDA36C2E}
		{D9D480A6-752C-4DAC-A8E6-B1D35FA9D96B} = {2126F9CA-47E7-4047-86EB-75C84C797687}
	EndGlobalSection
	GlobalSection(ExtensibilityGlobals) = postSolution
		SolutionGuid = {C127A835-06A8-42C1-B18F-37F622519EDD}
	EndGlobalSection
EndGlobal
